
Microsoft Visual Studio Solution File, Format Version 12.00
# Visual Studio Version 17
VisualStudioVersion = 17.14.36915.13 d17.14
MinimumVisualStudioVersion = 10.0.40219.1
Project("{FAE04EC0-301F-11D3-BF4B-00C04F79EFBC}") = "ProgramacionEstructuradaa", "ProgramacionEstructuradaa.csproj", "{C5977689-2522-46B2-91D0-71A361F56559}"
EndProject
Global
	GlobalSection(SolutionConfigurationPlatforms) = preSolution
		Debug|Any CPU = Debug|Any CPU
		Release|Any CPU = Release|Any CPU
	EndGlobalSection
	GlobalSection(ProjectConfigurationPlatforms) = postSolution
		{C5977689-2522-46B2-91D0-71A361F56559}.Debug|Any CPU.ActiveCfg = Debug|Any CPU
		{C5977689-2522-46B2-91D0-71A361F56559}.Debug|Any CPU.Build.0 = Debug|Any CPU
		{C5977689-2522-46B2-91D0-71A361F56559}.Release|Any CPU.ActiveCfg = Release|Any CPU
		{C5977689-2522-46B2-91D0-71A361F56559}.Release|Any CPU.Build.0 = Release|Any CPU
	EndGlobalSection
	GlobalSection(SolutionProperties) = preSolution
		HideSolutionNode = FALSE
	EndGlobalSection
	GlobalSection(ExtensibilityGlobals) = postSolution
		SolutionGuid = {8CB32F89-474D-4A25-AADC-4855C71B4FEE}
	EndGlobalSection
EndGlobal
